
Microsoft Visual Studio Solution File, Format Version 12.00
# Visual Studio 2013
VisualStudioVersion = 12.0.31101.0
MinimumVisualStudioVersion = 10.0.40219.1
Project("{FAE04EC0-301F-11D3-BF4B-00C04F79EFBC}") = "WinkAtHome", "WinkAtHome\WinkAtHome.csproj", "{671C7A91-20B9-40EE-9803-05EA6AD3776F}"
EndProject
Global
	GlobalSection(SolutionConfigurationPlatforms) = preSolution
		Debug|Any CPU = Debug|Any CPU
		Debug|x86 = Debug|x86
		LocalRelease|Any CPU = LocalRelease|Any CPU
		LocalRelease|x86 = LocalRelease|x86
		Release|Any CPU = Release|Any CPU
		Release|x86 = Release|x86
		SmarterASP.NET-Prod|Any CPU = SmarterASP.NET-Prod|Any CPU
		SmarterASP.NET-Prod|x86 = SmarterASP.NET-Prod|x86
		SmarterASP.Net-Test|Any CPU = SmarterASP.Net-Test|Any CPU
		SmarterASP.Net-Test|x86 = SmarterASP.Net-Test|x86
	EndGlobalSection
	GlobalSection(ProjectConfigurationPlatforms) = postSolution
		{671C7A91-20B9-40EE-9803-05EA6AD3776F}.Debug|Any CPU.ActiveCfg = Debug|Any CPU
		{671C7A91-20B9-40EE-9803-05EA6AD3776F}.Debug|Any CPU.Build.0 = Debug|Any CPU
		{671C7A91-20B9-40EE-9803-05EA6AD3776F}.Debug|x86.ActiveCfg = Debug|x86
		{671C7A91-20B9-40EE-9803-05EA6AD3776F}.Debug|x86.Build.0 = Debug|x86
		{671C7A91-20B9-40EE-9803-05EA6AD3776F}.LocalRelease|Any CPU.ActiveCfg = LocalRelease|Any CPU
		{671C7A91-20B9-40EE-9803-05EA6AD3776F}.LocalRelease|Any CPU.Build.0 = LocalRelease|Any CPU
		{671C7A91-20B9-40EE-9803-05EA6AD3776F}.LocalRelease|x86.ActiveCfg = LocalRelease|x86
		{671C7A91-20B9-40EE-9803-05EA6AD3776F}.LocalRelease|x86.Build.0 = LocalRelease|x86
		{671C7A91-20B9-40EE-9803-05EA6AD3776F}.Release|Any CPU.ActiveCfg = Debug|Any CPU
		{671C7A91-20B9-40EE-9803-05EA6AD3776F}.Release|Any CPU.Build.0 = Debug|Any CPU
		{671C7A91-20B9-40EE-9803-05EA6AD3776F}.Release|x86.ActiveCfg = Release|x86
		{671C7A91-20B9-40EE-9803-05EA6AD3776F}.Release|x86.Build.0 = Release|x86
		{671C7A91-20B9-40EE-9803-05EA6AD3776F}.SmarterASP.NET-Prod|Any CPU.ActiveCfg = SmarterASP.NET-Prod|Any CPU
		{671C7A91-20B9-40EE-9803-05EA6AD3776F}.SmarterASP.NET-Prod|Any CPU.Build.0 = SmarterASP.NET-Prod|Any CPU
		{671C7A91-20B9-40EE-9803-05EA6AD3776F}.SmarterASP.NET-Prod|x86.ActiveCfg = SmarterASP.NET-Prod|x86
		{671C7A91-20B9-40EE-9803-05EA6AD3776F}.SmarterASP.NET-Prod|x86.Build.0 = SmarterASP.NET-Prod|x86
		{671C7A91-20B9-40EE-9803-05EA6AD3776F}.SmarterASP.Net-Test|Any CPU.ActiveCfg = SmarterASP.Net-Test|Any CPU
		{671C7A91-20B9-40EE-9803-05EA6AD3776F}.SmarterASP.Net-Test|Any CPU.Build.0 = SmarterASP.Net-Test|Any CPU
		{671C7A91-20B9-40EE-9803-05EA6AD3776F}.SmarterASP.Net-Test|x86.ActiveCfg = SmarterASP.Net-Test|x86
		{671C7A91-20B9-40EE-9803-05EA6AD3776F}.SmarterASP.Net-Test|x86.Build.0 = SmarterASP.Net-Test|x86
	EndGlobalSection
	GlobalSection(SolutionProperties) = preSolution
		HideSolutionNode = FALSE
	EndGlobalSection
EndGlobal
